
Microsoft Visual Studio Solution File, Format Version 12.00
# Visual Studio Version 17
VisualStudioVersion = 17.6.33815.320
MinimumVisualStudioVersion = 10.0.40219.1
Project("{FAE04EC0-301F-11D3-BF4B-00C04F79EFBC}") = "Practics_entityFr", "Practics_entityFr\Practics_entityFr.csproj", "{5FEA942E-D508-4BE0-AD16-14A8EAFD174B}"
EndProject
Global
	GlobalSection(SolutionConfigurationPlatforms) = preSolution
		Debug|Any CPU = Debug|Any CPU
		Release|Any CPU = Release|Any CPU
	EndGlobalSection
	GlobalSection(ProjectConfigurationPlatforms) = postSolution
		{5FEA942E-D508-4BE0-AD16-14A8EAFD174B}.Debug|Any CPU.ActiveCfg = Debug|Any CPU
		{5FEA942E-D508-4BE0-AD16-14A8EAFD174B}.Debug|Any CPU.Build.0 = Debug|Any CPU
		{5FEA942E-D508-4BE0-AD16-14A8EAFD174B}.Release|Any CPU.ActiveCfg = Release|Any CPU
		{5FEA942E-D508-4BE0-AD16-14A8EAFD174B}.Release|Any CPU.Build.0 = Release|Any CPU
	EndGlobalSection
	GlobalSection(SolutionProperties) = preSolution
		HideSolutionNode = FALSE
	EndGlobalSection
	GlobalSection(ExtensibilityGlobals) = postSolution
		SolutionGuid = {A0EA693E-077B-47F2-AD67-DF0F74FE7DD7}
	EndGlobalSection
EndGlobal
